# This file is automatically @generated by Cargo.
# It is not intended for manual editing.
version = 4

[[package]]
name = "async-task"
version = "4.7.1"
source = "registry+https://github.com/rust-lang/crates.io-index"
checksum = "8b75356056920673b02621b35afd0f7dda9306d03c79a30f5c56c44cf256e3de"

[[package]]
name = "cfg-if"
version = "1.0.4"
source = "registry+https://github.com/rust-lang/crates.io-index"
checksum = "9330f8b2ff13f34540b44e946ef35111825727b38d33286ef986142615121801"

[[package]]
name = "lockfree"
version = "0.5.1"
source = "registry+https://github.com/rust-lang/crates.io-index"
checksum = "74ee94b5ad113c7cb98c5a040f783d0952ee4fe100993881d1673c2cb002dd23"
dependencies = [
 "owned-alloc",
]

[[package]]
name = "owned-alloc"
version = "0.2.0"
source = "registry+https://github.com/rust-lang/crates.io-index"
checksum = "30fceb411f9a12ff9222c5f824026be368ff15dc2f13468d850c7d3f502205d6"

[[package]]
name = "priority-threadpool"
version = "0.1.0"
dependencies = [
 "async-task",
 "lockfree",
 "owned-alloc",
 "thread_local",
]

[[package]]
name = "thread_local"
version = "1.1.9"
source = "registry+https://github.com/rust-lang/crates.io-index"
checksum = "f60246a4944f24f6e018aa17cdeffb7818b76356965d03b07d6a9886e8962185"
dependencies = [
 "cfg-if",
]
